{
  "name": "k8s-console",
  "version": "1.0.0",
  "lockfileVersion": 1,
  "requires": true,
  "dependencies": {
    "vuetify": {
      "version": "1.4.0",
      "resolved": "https://registry.npmjs.org/vuetify/-/vuetify-1.4.0.tgz",
      "integrity": "sha512-Q6b5VrkGIhPTN+r/uw6P5UTYVQy0h3d4vRW5363qHTgzQfyYQk8BDlJNCTJj0Zu/z3aBq79zbyF88jbLlV9vxQ=="
    }
  }
}
